
Microsoft Visual Studio Solution File, Format Version 12.00
# Visual Studio Version 17
VisualStudioVersion = 17.4.33403.182
MinimumVisualStudioVersion = 10.0.40219.1
Project("{FAE04EC0-301F-11D3-BF4B-00C04F79EFBC}") = "WebApi", "WebApi\WebApi.csproj", "{438B8E7F-D62D-4C38-AD3C-E942228E4233}"
EndProject
Global
	GlobalSection(SolutionConfigurationPlatforms) = preSolution
		Debug|Any CPU = Debug|Any CPU
		Release|Any CPU = Release|Any CPU
	EndGlobalSection
	GlobalSection(ProjectConfigurationPlatforms) = postSolution
		{438B8E7F-D62D-4C38-AD3C-E942228E4233}.Debug|Any CPU.ActiveCfg = Debug|Any CPU
		{438B8E7F-D62D-4C38-AD3C-E942228E4233}.Debug|Any CPU.Build.0 = Debug|Any CPU
		{438B8E7F-D62D-4C38-AD3C-E942228E4233}.Release|Any CPU.ActiveCfg = Release|Any CPU
		{438B8E7F-D62D-4C38-AD3C-E942228E4233}.Release|Any CPU.Build.0 = Release|Any CPU
	EndGlobalSection
	GlobalSection(SolutionProperties) = preSolution
		HideSolutionNode = FALSE
	EndGlobalSection
	GlobalSection(ExtensibilityGlobals) = postSolution
		SolutionGuid = {AC11F700-DD0C-4642-95B2-D33FEA3A2846}
	EndGlobalSection
EndGlobal
